
Microsoft Visual Studio Solution File, Format Version 12.00
# Visual Studio Version 16
VisualStudioVersion = 16.0.31424.327
MinimumVisualStudioVersion = 10.0.40219.1
Project("{FAE04EC0-301F-11D3-BF4B-00C04F79EFBC}") = "LineComparisonComputation", "LineComparisonComputation.csproj", "{72C7D3E7-786C-4781-B345-74B441D8D043}"
EndProject
Global
	GlobalSection(SolutionConfigurationPlatforms) = preSolution
		Debug|Any CPU = Debug|Any CPU
		Release|Any CPU = Release|Any CPU
	EndGlobalSection
	GlobalSection(ProjectConfigurationPlatforms) = postSolution
		{72C7D3E7-786C-4781-B345-74B441D8D043}.Debug|Any CPU.ActiveCfg = Debug|Any CPU
		{72C7D3E7-786C-4781-B345-74B441D8D043}.Debug|Any CPU.Build.0 = Debug|Any CPU
		{72C7D3E7-786C-4781-B345-74B441D8D043}.Release|Any CPU.ActiveCfg = Release|Any CPU
		{72C7D3E7-786C-4781-B345-74B441D8D043}.Release|Any CPU.Build.0 = Release|Any CPU
	EndGlobalSection
	GlobalSection(SolutionProperties) = preSolution
		HideSolutionNode = FALSE
	EndGlobalSection
	GlobalSection(ExtensibilityGlobals) = postSolution
		SolutionGuid = {3D008E38-1D9F-486E-B437-60A8E0D96656}
	EndGlobalSection
EndGlobal
